
Microsoft Visual Studio Solution File, Format Version 12.00
# Visual Studio Version 16
VisualStudioVersion = 16.0.31410.357
MinimumVisualStudioVersion = 10.0.40219.1
Project("{FAE04EC0-301F-11D3-BF4B-00C04F79EFBC}") = "baekjoon1026", "baekjoon1026\baekjoon1026.csproj", "{BD59052F-4430-46A5-88DB-237C7D8EA189}"
EndProject
Global
	GlobalSection(SolutionConfigurationPlatforms) = preSolution
		Debug|Any CPU = Debug|Any CPU
		Release|Any CPU = Release|Any CPU
	EndGlobalSection
	GlobalSection(ProjectConfigurationPlatforms) = postSolution
		{BD59052F-4430-46A5-88DB-237C7D8EA189}.Debug|Any CPU.ActiveCfg = Debug|Any CPU
		{BD59052F-4430-46A5-88DB-237C7D8EA189}.Debug|Any CPU.Build.0 = Debug|Any CPU
		{BD59052F-4430-46A5-88DB-237C7D8EA189}.Release|Any CPU.ActiveCfg = Release|Any CPU
		{BD59052F-4430-46A5-88DB-237C7D8EA189}.Release|Any CPU.Build.0 = Release|Any CPU
	EndGlobalSection
	GlobalSection(SolutionProperties) = preSolution
		HideSolutionNode = FALSE
	EndGlobalSection
	GlobalSection(ExtensibilityGlobals) = postSolution
		SolutionGuid = {AC705660-D4CF-4959-80A1-82A5ED1E732A}
	EndGlobalSection
EndGlobal
