
Microsoft Visual Studio Solution File, Format Version 12.00
# Visual Studio Version 16
VisualStudioVersion = 16.0.31410.357
MinimumVisualStudioVersion = 10.0.40219.1
Project("{FAE04EC0-301F-11D3-BF4B-00C04F79EFBC}") = "baekjoon2930", "baekjoon2930\baekjoon2930.csproj", "{81051ABB-842C-428C-8931-3B87BA708256}"
EndProject
Global
	GlobalSection(SolutionConfigurationPlatforms) = preSolution
		Debug|Any CPU = Debug|Any CPU
		Release|Any CPU = Release|Any CPU
	EndGlobalSection
	GlobalSection(ProjectConfigurationPlatforms) = postSolution
		{81051ABB-842C-428C-8931-3B87BA708256}.Debug|Any CPU.ActiveCfg = Debug|Any CPU
		{81051ABB-842C-428C-8931-3B87BA708256}.Debug|Any CPU.Build.0 = Debug|Any CPU
		{81051ABB-842C-428C-8931-3B87BA708256}.Release|Any CPU.ActiveCfg = Release|Any CPU
		{81051ABB-842C-428C-8931-3B87BA708256}.Release|Any CPU.Build.0 = Release|Any CPU
	EndGlobalSection
	GlobalSection(SolutionProperties) = preSolution
		HideSolutionNode = FALSE
	EndGlobalSection
	GlobalSection(ExtensibilityGlobals) = postSolution
		SolutionGuid = {16BD34AC-2AA6-423A-AD9D-9DA7319F3F99}
	EndGlobalSection
EndGlobal
