
Microsoft Visual Studio Solution File, Format Version 12.00
# Visual Studio Version 17
VisualStudioVersion = 17.3.32922.545
MinimumVisualStudioVersion = 10.0.40219.1
Project("{FAE04EC0-301F-11D3-BF4B-00C04F79EFBC}") = "Sample_App", "Sample_App\Sample_App.csproj", "{8C5DA75F-9489-4400-B0FB-1CB1797D1CDC}"
EndProject
Global
	GlobalSection(SolutionConfigurationPlatforms) = preSolution
		Debug|Any CPU = Debug|Any CPU
		Release|Any CPU = Release|Any CPU
	EndGlobalSection
	GlobalSection(ProjectConfigurationPlatforms) = postSolution
		{8C5DA75F-9489-4400-B0FB-1CB1797D1CDC}.Debug|Any CPU.ActiveCfg = Debug|Any CPU
		{8C5DA75F-9489-4400-B0FB-1CB1797D1CDC}.Debug|Any CPU.Build.0 = Debug|Any CPU
		{8C5DA75F-9489-4400-B0FB-1CB1797D1CDC}.Release|Any CPU.ActiveCfg = Release|Any CPU
		{8C5DA75F-9489-4400-B0FB-1CB1797D1CDC}.Release|Any CPU.Build.0 = Release|Any CPU
	EndGlobalSection
	GlobalSection(SolutionProperties) = preSolution
		HideSolutionNode = FALSE
	EndGlobalSection
	GlobalSection(ExtensibilityGlobals) = postSolution
		SolutionGuid = {ECF4BE08-690F-4409-A2F9-75A6C24D839B}
	EndGlobalSection
EndGlobal
